
Microsoft Visual Studio Solution File, Format Version 12.00
# Visual Studio Version 17
VisualStudioVersion = 17.8.34511.84
MinimumVisualStudioVersion = 10.0.40219.1
Project("{8BC9CEB8-8B4A-11D0-8D11-00A0C91BC942}") = "通信录管理系统", "通信录管理系统\通信录管理系统.vcxproj", "{EBD0E4B2-9144-449B-954F-07C058DD93CA}"
EndProject
Global
	GlobalSection(SolutionConfigurationPlatforms) = preSolution
		Debug|x64 = Debug|x64
		Debug|x86 = Debug|x86
		Release|x64 = Release|x64
		Release|x86 = Release|x86
	EndGlobalSection
	GlobalSection(ProjectConfigurationPlatforms) = postSolution
		{EBD0E4B2-9144-449B-954F-07C058DD93CA}.Debug|x64.ActiveCfg = Debug|x64
		{EBD0E4B2-9144-449B-954F-07C058DD93CA}.Debug|x64.Build.0 = Debug|x64
		{EBD0E4B2-9144-449B-954F-07C058DD93CA}.Debug|x86.ActiveCfg = Debug|Win32
		{EBD0E4B2-9144-449B-954F-07C058DD93CA}.Debug|x86.Build.0 = Debug|Win32
		{EBD0E4B2-9144-449B-954F-07C058DD93CA}.Release|x64.ActiveCfg = Release|x64
		{EBD0E4B2-9144-449B-954F-07C058DD93CA}.Release|x64.Build.0 = Release|x64
		{EBD0E4B2-9144-449B-954F-07C058DD93CA}.Release|x86.ActiveCfg = Release|Win32
		{EBD0E4B2-9144-449B-954F-07C058DD93CA}.Release|x86.Build.0 = Release|Win32
	EndGlobalSection
	GlobalSection(SolutionProperties) = preSolution
		HideSolutionNode = FALSE
	EndGlobalSection
	GlobalSection(ExtensibilityGlobals) = postSolution
		SolutionGuid = {76CB214C-CA4E-4660-A316-DD3B960CED8F}
	EndGlobalSection
EndGlobal
